{
    "name": "nodejs-npm-example",
    "version": "1.0.0",
    "lockfileVersion": 2,
    "requires": true,
    "packages": {
        "": {
            "name": "nodejs-npm-example",
            "version": "1.0.0",
            "license": "ISC",
            "dependencies": {
                "ssi-sdk-wasm": "^1.0.10"
            }
        },
        "node_modules/atob": {
            "version": "2.1.2",
            "resolved": "https://registry.npmjs.org/atob/-/atob-2.1.2.tgz",
            "integrity": "sha512-Wm6ukoaOGJi/73p/cl2GvLjTI5JM1k/O14isD73YML8StrH/7/lRFgmg8nICZgD3bZZvjwCGxtMOD3wWNAu8cg==",
            "bin": {
                "atob": "bin/atob.js"
            },
            "engines": {
                "node": ">= 4.5.0"
            }
        },
        "node_modules/ssi-sdk-wasm": {
            "version": "1.0.10",
            "resolved": "https://registry.npmjs.org/ssi-sdk-wasm/-/ssi-sdk-wasm-1.0.10.tgz",
            "integrity": "sha512-rKoZG7dLDXVsLs/iOy9JKmvANAVuoPjn/jswXy2QCGGcTUjBzZGm41+8SimFowbDKavC3KV+CfZHlaD2uABakg==",
            "dependencies": {
                "atob": "^2.1.2",
                "xhr2": "^0.2.1"
            }
        },
        "node_modules/xhr2": {
            "version": "0.2.1",
            "resolved": "https://registry.npmjs.org/xhr2/-/xhr2-0.2.1.tgz",
            "integrity": "sha512-sID0rrVCqkVNUn8t6xuv9+6FViXjUVXq8H5rWOH2rz9fDNQEd4g0EA2XlcEdJXRz5BMEn4O1pJFdT+z4YHhoWw==",
            "engines": {
                "node": ">= 6"
            }
        }
    },
    "dependencies": {
        "atob": {
            "version": "2.1.2",
            "resolved": "https://registry.npmjs.org/atob/-/atob-2.1.2.tgz",
            "integrity": "sha512-Wm6ukoaOGJi/73p/cl2GvLjTI5JM1k/O14isD73YML8StrH/7/lRFgmg8nICZgD3bZZvjwCGxtMOD3wWNAu8cg=="
        },
        "ssi-sdk-wasm": {
            "version": "1.0.10",
            "resolved": "https://registry.npmjs.org/ssi-sdk-wasm/-/ssi-sdk-wasm-1.0.10.tgz",
            "integrity": "sha512-rKoZG7dLDXVsLs/iOy9JKmvANAVuoPjn/jswXy2QCGGcTUjBzZGm41+8SimFowbDKavC3KV+CfZHlaD2uABakg==",
            "requires": {
                "atob": "^2.1.2",
                "xhr2": "^0.2.1"
            }
        },
        "xhr2": {
            "version": "0.2.1",
            "resolved": "https://registry.npmjs.org/xhr2/-/xhr2-0.2.1.tgz",
            "integrity": "sha512-sID0rrVCqkVNUn8t6xuv9+6FViXjUVXq8H5rWOH2rz9fDNQEd4g0EA2XlcEdJXRz5BMEn4O1pJFdT+z4YHhoWw=="
        }
    }
}
