github.com/99designs/go-keychain v0.0.0-20191008050251-8e49817e8af4 h1:/vQbFIOMbk2FiG/kXiLl8BRyzTWDw7gX/Hz7Dd5eDMs=
github.com/99designs/go-keychain v0.0.0-20191008050251-8e49817e8af4/go.mod h1:hN7oaIRCjzsZ2dE+yG5k+rsdt3qcwykqK6HVGcKwsw4=
github.com/99designs/keyring v1.2.2 h1:pZd3neh/EmUzWONb35LxQfvuY7kiSXAq3HQd97+XBn0=
github.com/99designs/keyring v1.2.2/go.mod h1:wes/FrByc8j7lFOAGLGSNEg8f/PaI3cgTBqhFkHUrPk=
github.com/TBD54566975/ssi-sdk v0.0.3-alpha h1:X2z3SzuGgcpCH054RnFONYkXaaZFsHHWBDojBa+Tiho=
github.com/TBD54566975/ssi-sdk v0.0.3-alpha/go.mod h1:x7Ixj1VyoUbJ5d36xqgh+fJ1Ym+lT0KYzgI9qclPpIc=
github.com/danieljoos/wincred v1.1.2 h1:QLdCxFs1/Yl4zduvBdcHB8goaYk9RARS2SgLLRuAyr0=
github.com/danieljoos/wincred v1.1.2/go.mod h1:GijpziifJoIBfYh+S7BbkdUTU4LfM+QnGqR5Vl2tAx0=
github.com/davecgh/go-spew v1.1.0/go.mod h1:J7Y8YcW2NihsgmVo/mv3lAwl/skON4iLHjSsI+c5H38=
github.com/davecgh/go-spew v1.1.1/go.mod h1:J7Y8YcW2NihsgmVo/mv3lAwl/skON4iLHjSsI+c5H38=
github.com/decred/dcrd/crypto/blake256 v1.0.0/go.mod h1:sQl2p6Y26YV+ZOcSTP6thNdn47hh8kt6rqSlvmrXFAc=
github.com/decred/dcrd/dcrec/secp256k1/v4 v4.0.0-20210816181553-5444fa50b93d/go.mod h1:tmAIfUFEirG/Y8jhZ9M+h36obRZAk/1fcSpXwAVlfqE=
github.com/decred/dcrd/dcrec/secp256k1/v4 v4.1.0 h1:HbphB4TFFXpv7MNrT52FGrrgVXF1owhMVTHFZIlnvd4=
github.com/decred/dcrd/dcrec/secp256k1/v4 v4.1.0/go.mod h1:DZGJHZMqrU4JJqFAWUS2UO1+lbSKsdiOoYi9Zzey7Fc=
github.com/dvsekhvalnov/jose2go v1.5.0 h1:3j8ya4Z4kMCwT5nXIKFSV84YS+HdqSSO0VsTQxaLAeM=
github.com/dvsekhvalnov/jose2go v1.5.0/go.mod h1:QsHjhyTlD/lAVqn/NSbVZmSCGeDehTB/mPZadG+mhXU=
github.com/go-playground/locales v0.14.1 h1:EWaQ/wswjilfKLTECiXz7Rh+3BjFhfDFKv/oXslEjJA=
github.com/go-playground/locales v0.14.1/go.mod h1:hxrqLVvrK65+Rwrd5Fc6F2O76J/NuW9t0sjnWqG1slY=
github.com/go-playground/universal-translator v0.18.1 h1:Bcnm0ZwsGyWbCzImXv+pAJnYK9S473LQFuzCbDbfSFY=
github.com/go-playground/universal-translator v0.18.1/go.mod h1:xekY+UJKNuX9WP91TpwSH2VMlDf28Uj24BCp08ZFTUY=
github.com/go-playground/validator/v10 v10.11.2 h1:q3SHpufmypg+erIExEKUmsgmhDTyhcJ38oeKGACXohU=
github.com/go-playground/validator/v10 v10.11.2/go.mod h1:NieE624vt4SCTJtD87arVLvdmjPAeV8BQlHtMnw9D7s=
github.com/goccy/go-json v0.9.7/go.mod h1:6MelG93GURQebXPDq3khkgXZkazVtN9CRI+MGFi0w8I=
github.com/goccy/go-json v0.10.0 h1:mXKd9Qw4NuzShiRlOXKews24ufknHO7gx30lsDyokKA=
github.com/goccy/go-json v0.10.0/go.mod h1:6MelG93GURQebXPDq3khkgXZkazVtN9CRI+MGFi0w8I=
github.com/goccy/go-json v0.10.2 h1:CrxCmQqYDkv1z7lO7Wbh2HN93uovUHgrECaO5ZrCXAU=
github.com/goccy/go-json v0.10.2/go.mod h1:6MelG93GURQebXPDq3khkgXZkazVtN9CRI+MGFi0w8I=
github.com/godbus/dbus v0.0.0-20190726142602-4481cbc300e2 h1:ZpnhV/YsD2/4cESfV5+Hoeu/iUR3ruzNvZ+yQfO03a0=
github.com/godbus/dbus v0.0.0-20190726142602-4481cbc300e2/go.mod h1:bBOAhwG1umN6/6ZUMtDFBMQR8jRg9O75tm9K00oMsK4=
github.com/gogo/protobuf v1.3.2 h1:Ov1cvc58UF3b5XjBnZv7+opcTcQFZebYjWzi34vdm4Q=
github.com/gogo/protobuf v1.3.2/go.mod h1:P1XiOD3dCwIKUDQYPy72D8LYyHL2YPYrpS2s69NZV8Q=
github.com/google/uuid v1.3.0 h1:t6JiXgmwXMjEs8VusXIJk2BXHsn+wx8BZdTaoZ5fu7I=
github.com/google/uuid v1.3.0/go.mod h1:TIyPZe4MgqvfeYDBFedMoGGpEw/LqOeaOT+nhxU+yHo=
github.com/gsterjov/go-libsecret v0.0.0-20161001094733-a6f4afe4910c h1:6rhixN/i8ZofjG1Y75iExal34USq5p+wiN1tpie8IrU=
github.com/gsterjov/go-libsecret v0.0.0-20161001094733-a6f4afe4910c/go.mod h1:NMPJylDgVpX0MLRlPy15sqSwOFv/U1GZ2m21JhFfek0=
github.com/kisielk/errcheck v1.5.0/go.mod h1:pFxgyoBC7bSaBwPgfKdkLd5X25qrDl4LWUI2bnpBCr8=
github.com/kisielk/gotool v1.0.0/go.mod h1:XhKaO+MFFWcvkIS/tQcRk01m1F5IRFswLeQ+oQHNcck=
github.com/klauspost/cpuid/v2 v2.0.4/go.mod h1:FInQzS24/EEf25PyTYn52gqo7WaD8xa0213Md/qVLRg=
github.com/klauspost/cpuid/v2 v2.1.0 h1:eyi1Ad2aNJMW95zcSbmGg7Cg6cq3ADwLpMAP96d8rF0=
github.com/klauspost/cpuid/v2 v2.1.0/go.mod h1:RVVoqg1df56z8g3pUjL/3lE5UfnlrJX8tyFgg4nqhuY=
github.com/kr/pty v1.1.1/go.mod h1:pFQYn66WHrOpPYNljwOMqo10TkYh1fy3cYio2l3bCsQ=
github.com/kr/text v0.1.0/go.mod h1:4Jbv+DJW3UT/LiOwJeYQe1efqtUx/iVham/4vfdArNI=
github.com/leodido/go-urn v1.2.1 h1:BqpAaACuzVSgi/VLzGZIobT2z4v53pjosyNd9Yv6n/w=
github.com/leodido/go-urn v1.2.1/go.mod h1:zt4jvISO2HfUBqxjfIshjdMTYS56ZS/qv49ictyFfxY=
github.com/lestrrat-go/backoff/v2 v2.0.8 h1:oNb5E5isby2kiro9AgdHLv5N5tint1AnDVVf2E2un5A=
github.com/lestrrat-go/backoff/v2 v2.0.8/go.mod h1:rHP/q/r9aT27n24JQLa7JhSQZCKBBOiM/uP402WwN8Y=
github.com/lestrrat-go/blackmagic v1.0.0 h1:XzdxDbuQTz0RZZEmdU7cnQxUtFUzgCSPq8RCz4BxIi4=
github.com/lestrrat-go/blackmagic v1.0.0/go.mod h1:TNgH//0vYSs8VXDCfkZLgIrVTTXQELZffUV0tz3MtdQ=
github.com/lestrrat-go/httpcc v1.0.1 h1:ydWCStUeJLkpYyjLDHihupbn2tYmZ7m22BGkcvZZrIE=
github.com/lestrrat-go/httpcc v1.0.1/go.mod h1:qiltp3Mt56+55GPVCbTdM9MlqhvzyuL6W/NMDA8vA5E=
github.com/lestrrat-go/iter v1.0.1 h1:q8faalr2dY6o8bV45uwrxq12bRa1ezKrB6oM9FUgN4A=
github.com/lestrrat-go/iter v1.0.1/go.mod h1:zIdgO1mRKhn8l9vrZJZz9TUMMFbQbLeTsbqPDrJ/OJc=
github.com/lestrrat-go/jwx v1.2.25 h1:tAx93jN2SdPvFn08fHNAhqFJazn5mBBOB8Zli0g0otA=
github.com/lestrrat-go/jwx v1.2.25/go.mod h1:zoNuZymNl5lgdcu6P7K6ie2QRll5HVfF4xwxBBK1NxY=
github.com/lestrrat-go/option v1.0.0 h1:WqAWL8kh8VcSoD6xjSH34/1m8yxluXQbDeKNfvFeEO4=
github.com/lestrrat-go/option v1.0.0/go.mod h1:5ZHFbivi4xwXxhxY9XHDe2FHo6/Z7WWmtT7T5nBBp3I=
github.com/libp2p/go-libp2p v0.22.0 h1:2Tce0kHOp5zASFKJbNzRElvh0iZwdtG5uZheNW8chIw=
github.com/libp2p/go-libp2p v0.22.0/go.mod h1:UDolmweypBSjQb2f7xutPnwZ/fxioLbMBxSjRksxxU4=
github.com/libp2p/go-libp2p-core v0.20.1 h1:fQz4BJyIFmSZAiTbKV8qoYhEH5Dtv/cVhZbG3Ib/+Cw=
github.com/libp2p/go-libp2p-core v0.20.1/go.mod h1:6zR8H7CvQWgYLsbG4on6oLNSGcyKaYFSEYyDt51+bIY=
github.com/libp2p/go-openssl v0.1.0 h1:LBkKEcUv6vtZIQLVTegAil8jbNpJErQ9AnT+bWV+Ooo=
github.com/libp2p/go-openssl v0.1.0/go.mod h1:OiOxwPpL3n4xlenjx2h7AwSGaFSC/KZvf6gNdOBQMtc=
github.com/magefile/mage v1.14.0 h1:6QDX3g6z1YvJ4olPhT1wksUcSa/V0a1B+pJb73fBjyo=
github.com/magefile/mage v1.14.0/go.mod h1:z5UZb/iS3GoOSn0JgWuiw7dxlurVYTu+/jHXqQg881A=
github.com/mattn/go-pointer v0.0.1 h1:n+XhsuGeVO6MEAp7xyEukFINEa+Quek5psIR/ylA6o0=
github.com/mattn/go-pointer v0.0.1/go.mod h1:2zXcozF6qYGgmsG+SeTZz3oAbFLdD3OWqnUbNvJZAlc=
github.com/minio/sha256-simd v1.0.0 h1:v1ta+49hkWZyvaKwrQB8elexRqm6Y0aMLjCNsrYxo6g=
github.com/minio/sha256-simd v1.0.0/go.mod h1:OuYzVNI5vcoYIAmbIvHPl3N3jUzVedXbKy5RFepssQM=
github.com/mr-tron/base58 v1.1.3 h1:v+sk57XuaCKGXpWtVBX8YJzO7hMGx4Aajh4TQbdEFdc=
github.com/mr-tron/base58 v1.1.3/go.mod h1:BinMc/sQntlIE1frQmRFPUoPA1Zkr8VRgBdjWI2mNwc=
github.com/mr-tron/base58 v1.2.0 h1:T/HDJBh4ZCPbU39/+c3rRvE0uKBQlU27+QI8LJ4t64o=
github.com/mr-tron/base58 v1.2.0/go.mod h1:BinMc/sQntlIE1frQmRFPUoPA1Zkr8VRgBdjWI2mNwc=
github.com/mtibben/percent v0.2.1 h1:5gssi8Nqo8QU/r2pynCm+hBQHpkB/uNK7BJCFogWdzs=
github.com/mtibben/percent v0.2.1/go.mod h1:KG9uO+SZkUp+VkRHsCdYQV3XSZrrSpR3O9ibNBTZrns=
github.com/multiformats/go-base32 v0.0.3 h1:tw5+NhuwaOjJCC5Pp82QuXbrmLzWg7uxlMFp8Nq/kkI=
github.com/multiformats/go-base32 v0.0.3/go.mod h1:pLiuGC8y0QR3Ue4Zug5UzK9LjgbkL8NSQj0zQ5Nz/AA=
github.com/multiformats/go-base32 v0.0.4 h1:+qMh4a2f37b4xTNs6mqitDinryCI+tfO2dRVMN9mjSE=
github.com/multiformats/go-base32 v0.0.4/go.mod h1:jNLFzjPZtp3aIARHbJRZIaPuspdH0J6q39uUM5pnABM=
github.com/multiformats/go-base36 v0.1.0 h1:JR6TyF7JjGd3m6FbLU2cOxhC0Li8z8dLNGQ89tUg4F4=
github.com/multiformats/go-base36 v0.1.0/go.mod h1:kFGE83c6s80PklsHO9sRn2NCoffoRdUUOENyW/Vv6sM=
github.com/multiformats/go-multibase v0.1.1 h1:3ASCDsuLX8+j4kx58qnJ4YFq/JWTJpCyDW27ztsVTOI=
github.com/multiformats/go-multibase v0.1.1/go.mod h1:ZEjHE+IsUrgp5mhlEAYjMtZwK1k4haNkcaPg9aoe1a8=
github.com/multiformats/go-multicodec v0.8.0 h1:evBmgkbSQux+Ds2IgfhkO38Dl2GDtRW8/Rp6YiSHX/Q=
github.com/multiformats/go-multicodec v0.8.0/go.mod h1:GUC8upxSBE4oG+q3kWZRw/+6yC1BqO550bjhWsJbZlw=
github.com/multiformats/go-varint v0.0.7 h1:sWSGR+f/eu5ABZA2ZpYKBILXTTs9JWpdEM/nEGOHFS8=
github.com/multiformats/go-varint v0.0.7/go.mod h1:r8PUYw/fD/SjBCiKOoDlGF6QawOELpZAu9eioSos/OU=
github.com/niemeyer/pretty v0.0.0-20200227124842-a10e7caefd8e/go.mod h1:zD1mROLANZcx1PVRCS0qkT7pwLkGfwJo4zjcN/Tysno=
github.com/oliveagle/jsonpath v0.0.0-20180606110733-2e52cf6e6852 h1:Yl0tPBa8QPjGmesFh1D0rDy+q1Twx6FyU7VWHi8wZbI=
github.com/oliveagle/jsonpath v0.0.0-20180606110733-2e52cf6e6852/go.mod h1:eqOVx5Vwu4gd2mmMZvVZsgIqNSaW3xxRThUJ0k/TPk4=
github.com/piprate/json-gold v0.5.0 h1:RmGh1PYboCFcchVFuh2pbSWAZy4XJaqTMU4KQYsApbM=
github.com/piprate/json-gold v0.5.0/go.mod h1:WZ501QQMbZZ+3pXFPhQKzNwS1+jls0oqov3uQ2WasLs=
github.com/pkg/errors v0.9.1 h1:FEBLx1zS214owpjy7qsBeixbURkuhQAwrK5UwLGTwt4=
github.com/pkg/errors v0.9.1/go.mod h1:bwawxfHBFNV+L2hUp1rHADufV3IMtnDRdf1r5NINEl0=
github.com/pmezard/go-difflib v1.0.0/go.mod h1:iKH77koFhYxTK1pcRnkKkqfTogsbg7gZNVY4sRDYZ/4=
github.com/pquerna/cachecontrol v0.0.0-20180517163645-1555304b9b35 h1:J9b7z+QKAmPf4YLrFg6oQUotqHQeUNWwkvo7jZp1GLU=
github.com/pquerna/cachecontrol v0.0.0-20180517163645-1555304b9b35/go.mod h1:prYjPmNq4d1NPVmpShWobRqXY3q7Vp+80DqgxxUrUIA=
github.com/santhosh-tekuri/jsonschema/v5 v5.2.0 h1:WCcC4vZDS1tYNxjWlwRJZQy28r8CMoggKnxNzxsVDMQ=
github.com/santhosh-tekuri/jsonschema/v5 v5.2.0/go.mod h1:FKdcjfQW6rpZSnxxUvEA5H/cDPdvJ/SZJQLWWXWGrZ0=
github.com/sirupsen/logrus v1.9.0 h1:trlNQbNUG3OdDrDil03MCb1H2o9nJ1x4/5LYw7byDE0=
github.com/sirupsen/logrus v1.9.0/go.mod h1:naHLuLoDiP4jHNo9R0sCBMtWGeIprob74mVsIT4qYEQ=
github.com/spacemonkeygo/spacelog v0.0.0-20180420211403-2296661a0572 h1:RC6RW7j+1+HkWaX/Yh71Ee5ZHaHYt7ZP4sQgUrm6cDU=
github.com/spacemonkeygo/spacelog v0.0.0-20180420211403-2296661a0572/go.mod h1:w0SWMsp6j9O/dk4/ZpIhL+3CkG8ofA2vuv7k+ltqUMc=
github.com/stretchr/objx v0.1.0/go.mod h1:HFkY916IF+rwdDfMAkV7OtwuqBVzrE8GR6GFx+wExME=
github.com/stretchr/testify v1.5.1/go.mod h1:5W2xD1RspED5o8YsWQXVCued0rvSQ+mT+I5cxcmMvtA=
github.com/stretchr/testify v1.6.1/go.mod h1:6Fq8oRcR53rry900zMqJjRRixrwX3KX962/h/Wwjteg=
github.com/stretchr/testify v1.7.0/go.mod h1:6Fq8oRcR53rry900zMqJjRRixrwX3KX962/h/Wwjteg=
github.com/stretchr/testify v1.7.1/go.mod h1:6Fq8oRcR53rry900zMqJjRRixrwX3KX962/h/Wwjteg=
github.com/yuin/goldmark v1.1.27/go.mod h1:3hX8gzYuyVAZsxl0MRgGTJEmQBFcNTphYh9decYSb74=
github.com/yuin/goldmark v1.2.1/go.mod h1:3hX8gzYuyVAZsxl0MRgGTJEmQBFcNTphYh9decYSb74=
golang.org/x/crypto v0.0.0-20190308221718-c2843e01d9a2/go.mod h1:djNgcEr1/C05ACkg1iLfiJU5Ep61QUkGW8qpdssI0+w=
golang.org/x/crypto v0.0.0-20191011191535-87dc89f01550/go.mod h1:yigFU9vqHzYiE8UmvKecakEJjdnWj3jj499lnFckfCI=
golang.org/x/crypto v0.0.0-20200622213623-75b288015ac9/go.mod h1:LzIPMQfyMNhhGPhUkYOs5KpL4U8rLKemX1yGLhDgUto=
golang.org/x/crypto v0.0.0-20220427172511-eb4f295cb31f/go.mod h1:IxCIyHEi3zRg3s0A5j5BB6A9Jmi73HwBIUl50j+osU4=
golang.org/x/crypto v0.5.0 h1:U/0M97KRkSFvyD/3FSmdP5W5swImpNgle/EHFhOsQPE=
golang.org/x/crypto v0.5.0/go.mod h1:NK/OQwhpMQP3MwtdjgLlYHnH9ebylxKWv3e0fK+mkQU=
golang.org/x/mod v0.2.0/go.mod h1:s0Qsj1ACt9ePp/hMypM3fl4fZqREWJwdYDEqhRiZZUA=
golang.org/x/mod v0.3.0/go.mod h1:s0Qsj1ACt9ePp/hMypM3fl4fZqREWJwdYDEqhRiZZUA=
golang.org/x/net v0.0.0-20190404232315-eb5bcb51f2a3/go.mod h1:t9HGtf8HONx5eT2rtn7q6eTqICYqUVnKs3thJo3Qplg=
golang.org/x/net v0.0.0-20190620200207-3b0461eec859/go.mod h1:z5CRVTTTmAJ677TzLLGU+0bjPO0LkuOLi4/5GtJWs/s=
golang.org/x/net v0.0.0-20200226121028-0de0cce0169b/go.mod h1:z5CRVTTTmAJ677TzLLGU+0bjPO0LkuOLi4/5GtJWs/s=
golang.org/x/net v0.0.0-20201021035429-f5854403a974/go.mod h1:sp8m0HH+o8qH0wwXwYZr8TS3Oi6o0r6Gce1SSxlDquU=
golang.org/x/net v0.0.0-20211112202133-69e39bad7dc2/go.mod h1:9nx3DQGgdP8bBQD5qxJ1jj9UTztislL4KSBs9R2vV5Y=
golang.org/x/sync v0.0.0-20190423024810-112230192c58/go.mod h1:RxMgew5VJxzue5/jJTE5uejpjVlOe/izrB70Jof72aM=
golang.org/x/sync v0.0.0-20190911185100-cd5d95a43a6e/go.mod h1:RxMgew5VJxzue5/jJTE5uejpjVlOe/izrB70Jof72aM=
golang.org/x/sync v0.0.0-20201020160332-67f06af15bc9/go.mod h1:RxMgew5VJxzue5/jJTE5uejpjVlOe/izrB70Jof72aM=
golang.org/x/sys v0.0.0-20190215142949-d0b11bdaac8a/go.mod h1:STP8DvDyc/dI5b8T5hshtkjS+E42TnysNCUPdjciGhY=
golang.org/x/sys v0.0.0-20190412213103-97732733099d/go.mod h1:h1NjWce9XRLGQEsW7wpKNCjG9DtNlClVuFLEZdDNbEs=
golang.org/x/sys v0.0.0-20200930185726-fdedc70b468f/go.mod h1:h1NjWce9XRLGQEsW7wpKNCjG9DtNlClVuFLEZdDNbEs=
golang.org/x/sys v0.0.0-20201119102817-f84b799fce68/go.mod h1:h1NjWce9XRLGQEsW7wpKNCjG9DtNlClVuFLEZdDNbEs=
golang.org/x/sys v0.0.0-20210423082822-04245dca01da/go.mod h1:h1NjWce9XRLGQEsW7wpKNCjG9DtNlClVuFLEZdDNbEs=
golang.org/x/sys v0.0.0-20210615035016-665e8c7367d1/go.mod h1:oPkhp1MJrh7nUepCBck5+mAzfO9JrbApNNgaTdGDITg=
golang.org/x/sys v0.0.0-20210819135213-f52c844e1c1c/go.mod h1:oPkhp1MJrh7nUepCBck5+mAzfO9JrbApNNgaTdGDITg=
golang.org/x/sys v0.0.0-20220704084225-05e143d24a9e/go.mod h1:oPkhp1MJrh7nUepCBck5+mAzfO9JrbApNNgaTdGDITg=
golang.org/x/sys v0.0.0-20220715151400-c0bba94af5f8/go.mod h1:oPkhp1MJrh7nUepCBck5+mAzfO9JrbApNNgaTdGDITg=
golang.org/x/sys v0.5.0 h1:MUK/U/4lj1t1oPg0HfuXDN/Z1wv31ZJ/YcPiGccS4DU=
golang.org/x/sys v0.5.0/go.mod h1:oPkhp1MJrh7nUepCBck5+mAzfO9JrbApNNgaTdGDITg=
golang.org/x/sys v0.7.0 h1:3jlCCIQZPdOYu1h8BkNvLz8Kgwtae2cagcG/VamtZRU=
golang.org/x/sys v0.7.0/go.mod h1:oPkhp1MJrh7nUepCBck5+mAzfO9JrbApNNgaTdGDITg=
golang.org/x/term v0.0.0-20201126162022-7de9c90e9dd1/go.mod h1:bj7SfCRtBDWHUb9snDiAeCFNEtKQo2Wmx5Cou7ajbmo=
golang.org/x/term v0.5.0 h1:n2a8QNdAb0sZNpU9R1ALUXBbY+w51fCQDN+7EdxNBsY=
golang.org/x/term v0.5.0/go.mod h1:jMB1sMXY+tzblOD4FWmEbocvup2/aLOaQEp7JmGp78k=
golang.org/x/term v0.7.0 h1:BEvjmm5fURWqcfbSKTdpkDXYBrUS1c0m8agp14W48vQ=
golang.org/x/term v0.7.0/go.mod h1:P32HKFT3hSsZrRxla30E9HqToFYAQPCMs/zFMBUFqPY=
golang.org/x/text v0.3.0/go.mod h1:NqM8EUOU14njkJ3fqMW+pc6Ldnwhi/IjpwHt7yyuwOQ=
golang.org/x/text v0.3.3/go.mod h1:5Zoc/QRtKVWzQhOtBMvqHzDpF6irO9z98xDceosuGiQ=
golang.org/x/text v0.3.6/go.mod h1:5Zoc/QRtKVWzQhOtBMvqHzDpF6irO9z98xDceosuGiQ=
golang.org/x/text v0.6.0 h1:3XmdazWV+ubf7QgHSTWeykHOci5oeekaGJBLkrkaw4k=
golang.org/x/text v0.6.0/go.mod h1:mrYo+phRRbMaCq/xk9113O4dZlRixOauAjOtrjsXDZ8=
golang.org/x/tools v0.0.0-20180917221912-90fa682c2a6e/go.mod h1:n7NCudcB/nEzxVGmLbDWY5pfWTLqBcC2KZ6jyYvM4mQ=
golang.org/x/tools v0.0.0-20191119224855-298f0cb1881e/go.mod h1:b+2E5dAYhXwXZwtnZ6UAqBI28+e2cm9otk0dWdXHAEo=
golang.org/x/tools v0.0.0-20200619180055-7c47624df98f/go.mod h1:EkVYQZoAsY45+roYkvgYkIh4xh/qjgUK9TdY2XT94GE=
golang.org/x/tools v0.0.0-20210106214847-113979e3529a/go.mod h1:emZCQorbCU4vsT4fOWvOPXz4eW1wZW4PmDk9uLelYpA=
golang.org/x/xerrors v0.0.0-20190717185122-a985d3407aa7/go.mod h1:I/5z698sn9Ka8TeJc9MKroUUfqBBauWjQqLJ2OPfmY0=
golang.org/x/xerrors v0.0.0-20191011141410-1b5146add898/go.mod h1:I/5z698sn9Ka8TeJc9MKroUUfqBBauWjQqLJ2OPfmY0=
golang.org/x/xerrors v0.0.0-20191204190536-9bdfabe68543/go.mod h1:I/5z698sn9Ka8TeJc9MKroUUfqBBauWjQqLJ2OPfmY0=
golang.org/x/xerrors v0.0.0-20200804184101-5ec99f83aff1/go.mod h1:I/5z698sn9Ka8TeJc9MKroUUfqBBauWjQqLJ2OPfmY0=
gopkg.in/check.v1 v0.0.0-20161208181325-20d25e280405/go.mod h1:Co6ibVJAznAaIkqp8huTwlJQCZ016jof/cbN4VW5Yz0=
gopkg.in/check.v1 v1.0.0-20200902074654-038fdea0a05b/go.mod h1:Co6ibVJAznAaIkqp8huTwlJQCZ016jof/cbN4VW5Yz0=
gopkg.in/yaml.v2 v2.2.2/go.mod h1:hI93XBmqTisBFMUTm0b8Fm+jr3Dg1NNxqwp+5A1VGuI=
gopkg.in/yaml.v3 v3.0.0-20200313102051-9f266ea9e77c/go.mod h1:K4uyk7z7BCEPqu6E+C64Yfv1cQ7kz7rIZviUmN+EgEM=
